
Microsoft Visual Studio Solution File, Format Version 12.00
# Visual Studio Version 16
VisualStudioVersion = 16.0.29926.136
MinimumVisualStudioVersion = 10.0.40219.1
Project("{8BC9CEB8-8B4A-11D0-8D11-00A0C91BC942}") = "first_client_socket", "first_client_socket\first_client_socket.vcxproj", "{036B2624-8A26-4714-9ABB-4CAF313BFD92}"
EndProject
Global
	GlobalSection(SolutionConfigurationPlatforms) = preSolution
		Debug|x64 = Debug|x64
		Debug|x86 = Debug|x86
		Release|x64 = Release|x64
		Release|x86 = Release|x86
	EndGlobalSection
	GlobalSection(ProjectConfigurationPlatforms) = postSolution
		{036B2624-8A26-4714-9ABB-4CAF313BFD92}.Debug|x64.ActiveCfg = Debug|x64
		{036B2624-8A26-4714-9ABB-4CAF313BFD92}.Debug|x64.Build.0 = Debug|x64
		{036B2624-8A26-4714-9ABB-4CAF313BFD92}.Debug|x86.ActiveCfg = Debug|Win32
		{036B2624-8A26-4714-9ABB-4CAF313BFD92}.Debug|x86.Build.0 = Debug|Win32
		{036B2624-8A26-4714-9ABB-4CAF313BFD92}.Release|x64.ActiveCfg = Release|x64
		{036B2624-8A26-4714-9ABB-4CAF313BFD92}.Release|x64.Build.0 = Release|x64
		{036B2624-8A26-4714-9ABB-4CAF313BFD92}.Release|x86.ActiveCfg = Release|Win32
		{036B2624-8A26-4714-9ABB-4CAF313BFD92}.Release|x86.Build.0 = Release|Win32
	EndGlobalSection
	GlobalSection(SolutionProperties) = preSolution
		HideSolutionNode = FALSE
	EndGlobalSection
	GlobalSection(ExtensibilityGlobals) = postSolution
		SolutionGuid = {4DF89CBA-28AE-4553-BBEA-789EBA9E2344}
	EndGlobalSection
EndGlobal
